
Microsoft Visual Studio Solution File, Format Version 12.00
# Visual Studio Version 17
VisualStudioVersion = 17.10.35027.167
MinimumVisualStudioVersion = 10.0.40219.1
Project("{FAE04EC0-301F-11D3-BF4B-00C04F79EFBC}") = "QuanLyBanHang", "QuanLyBanHang\QuanLyBanHang.csproj", "{880F66D8-467E-40CB-A761-EE6E7DC3DDAD}"
EndProject
Global
	GlobalSection(SolutionConfigurationPlatforms) = preSolution
		Debug|Any CPU = Debug|Any CPU
		Release|Any CPU = Release|Any CPU
	EndGlobalSection
	GlobalSection(ProjectConfigurationPlatforms) = postSolution
		{880F66D8-467E-40CB-A761-EE6E7DC3DDAD}.Debug|Any CPU.ActiveCfg = Debug|Any CPU
		{880F66D8-467E-40CB-A761-EE6E7DC3DDAD}.Debug|Any CPU.Build.0 = Debug|Any CPU
		{880F66D8-467E-40CB-A761-EE6E7DC3DDAD}.Release|Any CPU.ActiveCfg = Release|Any CPU
		{880F66D8-467E-40CB-A761-EE6E7DC3DDAD}.Release|Any CPU.Build.0 = Release|Any CPU
	EndGlobalSection
	GlobalSection(SolutionProperties) = preSolution
		HideSolutionNode = FALSE
	EndGlobalSection
	GlobalSection(ExtensibilityGlobals) = postSolution
		SolutionGuid = {4E68AAF1-4C1D-40A9-9FCD-F66A82EA7FBC}
	EndGlobalSection
EndGlobal
